
Microsoft Visual Studio Solution File, Format Version 12.00
# Visual Studio 15
VisualStudioVersion = 15.0.28307.421
MinimumVisualStudioVersion = 10.0.40219.1
Project("{FAE04EC0-301F-11D3-BF4B-00C04F79EFBC}") = "AUTOTEST_Worldspace_Location_Generator", "AUTOTEST_Worldspace_Location_Generator\AUTOTEST_Worldspace_Location_Generator.csproj", "{C49C9139-177D-4EB4-8726-89958EB0408C}"
EndProject
Global
	GlobalSection(SolutionConfigurationPlatforms) = preSolution
		Debug|Any CPU = Debug|Any CPU
		Release|Any CPU = Release|Any CPU
	EndGlobalSection
	GlobalSection(ProjectConfigurationPlatforms) = postSolution
		{C49C9139-177D-4EB4-8726-89958EB0408C}.Debug|Any CPU.ActiveCfg = Debug|Any CPU
		{C49C9139-177D-4EB4-8726-89958EB0408C}.Debug|Any CPU.Build.0 = Debug|Any CPU
		{C49C9139-177D-4EB4-8726-89958EB0408C}.Release|Any CPU.ActiveCfg = Release|Any CPU
		{C49C9139-177D-4EB4-8726-89958EB0408C}.Release|Any CPU.Build.0 = Release|Any CPU
	EndGlobalSection
	GlobalSection(SolutionProperties) = preSolution
		HideSolutionNode = FALSE
	EndGlobalSection
	GlobalSection(ExtensibilityGlobals) = postSolution
		SolutionGuid = {A07C27AD-732C-46C8-9FFB-F8F602347914}
	EndGlobalSection
EndGlobal
